
Microsoft Visual Studio Solution File, Format Version 12.00
# Visual Studio Version 17
VisualStudioVersion = 17.0.32112.339
MinimumVisualStudioVersion = 10.0.40219.1
Project("{FAE04EC0-301F-11D3-BF4B-00C04F79EFBC}") = "WinContainersPageFiles.Web", "WinContainersPageFiles.Web\WinContainersPageFiles.Web.csproj", "{41026EA0-54EE-4CCF-A590-2163D1EA93A7}"
EndProject
Global
	GlobalSection(SolutionConfigurationPlatforms) = preSolution
		Debug|Any CPU = Debug|Any CPU
		Release|Any CPU = Release|Any CPU
	EndGlobalSection
	GlobalSection(ProjectConfigurationPlatforms) = postSolution
		{41026EA0-54EE-4CCF-A590-2163D1EA93A7}.Debug|Any CPU.ActiveCfg = Debug|Any CPU
		{41026EA0-54EE-4CCF-A590-2163D1EA93A7}.Debug|Any CPU.Build.0 = Debug|Any CPU
		{41026EA0-54EE-4CCF-A590-2163D1EA93A7}.Release|Any CPU.ActiveCfg = Release|Any CPU
		{41026EA0-54EE-4CCF-A590-2163D1EA93A7}.Release|Any CPU.Build.0 = Release|Any CPU
	EndGlobalSection
	GlobalSection(SolutionProperties) = preSolution
		HideSolutionNode = FALSE
	EndGlobalSection
	GlobalSection(ExtensibilityGlobals) = postSolution
		SolutionGuid = {482B53D3-E633-4BAF-A6CB-788D03030B65}
	EndGlobalSection
EndGlobal
